
Microsoft Visual Studio Solution File, Format Version 12.00
# Visual Studio Version 16
VisualStudioVersion = 16.0.29123.88
MinimumVisualStudioVersion = 10.0.40219.1
Project("{FAE04EC0-301F-11D3-BF4B-00C04F79EFBC}") = "AssinarDFe", "AssinarDFe.csproj", "{690C2B72-72A3-4F24-9306-02BA1C71B4DB}"
EndProject
Global
	GlobalSection(SolutionConfigurationPlatforms) = preSolution
		Debug|Any CPU = Debug|Any CPU
		Release|Any CPU = Release|Any CPU
	EndGlobalSection
	GlobalSection(ProjectConfigurationPlatforms) = postSolution
		{690C2B72-72A3-4F24-9306-02BA1C71B4DB}.Debug|Any CPU.ActiveCfg = Debug|Any CPU
		{690C2B72-72A3-4F24-9306-02BA1C71B4DB}.Debug|Any CPU.Build.0 = Debug|Any CPU
		{690C2B72-72A3-4F24-9306-02BA1C71B4DB}.Release|Any CPU.ActiveCfg = Release|Any CPU
		{690C2B72-72A3-4F24-9306-02BA1C71B4DB}.Release|Any CPU.Build.0 = Release|Any CPU
	EndGlobalSection
	GlobalSection(SolutionProperties) = preSolution
		HideSolutionNode = FALSE
	EndGlobalSection
	GlobalSection(ExtensibilityGlobals) = postSolution
		SolutionGuid = {033BB529-3CF0-43B0-9F04-C078CEA1C6BD}
	EndGlobalSection
EndGlobal
